
Microsoft Visual Studio Solution File, Format Version 12.00
# Visual Studio Version 17
VisualStudioVersion = 17.6.33723.286
MinimumVisualStudioVersion = 10.0.40219.1
Project("{FAE04EC0-301F-11D3-BF4B-00C04F79EFBC}") = "Forage", "Forage\Forage.csproj", "{A7DD905D-5F86-437C-A76D-00E6ADECF2CD}"
EndProject
Global
	GlobalSection(SolutionConfigurationPlatforms) = preSolution
		Debug|Any CPU = Debug|Any CPU
		Release|Any CPU = Release|Any CPU
	EndGlobalSection
	GlobalSection(ProjectConfigurationPlatforms) = postSolution
		{A7DD905D-5F86-437C-A76D-00E6ADECF2CD}.Debug|Any CPU.ActiveCfg = Debug|Any CPU
		{A7DD905D-5F86-437C-A76D-00E6ADECF2CD}.Debug|Any CPU.Build.0 = Debug|Any CPU
		{A7DD905D-5F86-437C-A76D-00E6ADECF2CD}.Release|Any CPU.ActiveCfg = Release|Any CPU
		{A7DD905D-5F86-437C-A76D-00E6ADECF2CD}.Release|Any CPU.Build.0 = Release|Any CPU
	EndGlobalSection
	GlobalSection(SolutionProperties) = preSolution
		HideSolutionNode = FALSE
	EndGlobalSection
	GlobalSection(ExtensibilityGlobals) = postSolution
		SolutionGuid = {D52CB557-EB3B-41C2-9428-19CC97EA9005}
	EndGlobalSection
EndGlobal
